{
  "version": 4,
  "terraform_version": "0.12.24",
  "serial": 13,
  "lineage": "c2d043fb-f423-e268-aa41-3f33ec27693e",
  "outputs": {},
  "resources": [
    {
      "mode": "managed",
      "type": "azurerm_linux_virtual_machine",
      "name": "myterraformvm",
      "provider": "provider.azurerm",
      "instances": [
        {
          "schema_version": 0,
          "attributes": {
            "additional_capabilities": [],
            "admin_password": null,
            "admin_ssh_key": [
              {
                "public_key": "ssh-rsa AAAAB3NzaC1yc2EAAAADAQABAAABAQDfXUMG9lUPSSge2IZy1ncCoBgiS2b7tGvSeLFNeQfjdD6EaKdnoywu4nr2LBW2z7B2sGWNyxU7eHAc6pC24lkvuqu3FeUWKK/l8Pu5xUpj1ATTZmdMyeel5lKQxiAeqag7EMTf9+3bA3Nmxdzf60HpYEsr9Zb4RS00z+wvxWuyDc+MITFxQ/Xh+xyo9lJ/IdHXxDmOyiVjBQWlOS2XN2F2BmgHujH8FVXJBR1nas7Kg/TTy0XgLP5FmTh8CgGjn6D35REP86jdg+y4j9hM/lfUrMhXGzfQruTkqs0ZBOzsB7IkusBWUAlZMxq9FK3sC64IdSnSSjXvoddaZChOPxsr root@ansible1.hadoop.com\nssh-rsa AAAAB3NzaC1yc2EAAAADAQABAAABAQDK+YjFEoaNECRFMW2d8Le/CSx61Tk2Bb8n4+Ni3Jdk4zI5eUSGJag+2zXsCmoFnmkOjvLPnpjjxAVhyTM1q6DDMDmQPcMpzYi/SejahmzuSlDR2umI7NIVvuqlDQzWXZyK7X1UdoBb1ZcldF+kgpQRvJKCd8c3QUi0LpyZsw7ODBxQcFmyuKVA8Zi0f84l+3fxdhdDBjCsblcQvERdpOYZFNFlNO4WG3SoZ/Lc2SUvtEHrpmV/VO3dWyDuZ63gdVP9rjYTc/t+vxV6HivA0sKj0UVVegFz75tLyMEkYOZ3pDt75AdaTySSazQ+JFZ7jHWzxt4XJGehLCmGI7MVBfxn root@ansible1.hadoop.com\nssh-rsa AAAAB3NzaC1yc2EAAAADAQABAAABAQDXXegOUqmlH1BqLNK4Zc6pdo5ixI5H+ydEe7V+jDh+wMV9taZwW3k/WIxeveQwWisPPY14xrqPswGgjtnmuaTTNQKGutPJcHvufqH9XJM4UvafHwnJisEdX+5igYluO65qiv8+OaDgdEUuuvjkaEPQnrXERS5jxRX8xGCGfBRxLtWFdixpHxpioHm5NXpfThLuCs++KbvlcY/ZFQs/H/viy6ZWZy8wOd3CaYfmWKbOUPj0039yORbNfNZ0tiQ0iQOyF/F2AV08RWoFTJS8tRJZ507KE5iepokWdVBsUHLeHJQGCePEov12GTqBNRO12G/NWLGXNuQSZvAninr7XqfT root@ansible1.hadoop.com\nssh-rsa AAAAB3NzaC1yc2EAAAADAQABAAABAQDCWxSowWPrpw3al6ls6y1Gms0rCkbNsqKrGawjKr69utl09Yw9thCXYLhJkobDtdfo2Qs5d0VHEsnrRBMbr775wJpG3J3WY5ktnvAzYsG/J1sNT3dUwr49SPGCMb1pNbcJHoFfYoX00xYoA1EfYXXXPFLofW77DnmoL4tiP3I/i8R5qtRqSI0Ljqq49I5ZBD8KdRS4Vw7AG6VaJW2P4wF15XS9MTsA/3XJbtN4/U11F6U2VP/It4Z1AkjKj2IweZiPkoYnVh8G87vSBP8pONskIl5GQZ7DbbVtj2QHkg2yaJN+PlAf6YslPAAHc78H+WW8j9yIgvL6Mqqymm1Aef51 root@ansible1.hadoop.com\nssh-rsa AAAAB3NzaC1yc2EAAAADAQABAAABAQCeBq8ITRujkcoTjY22wuD9TQ6Bn732Z4Aj9EdvdlFRwttHV7Hy9Ws/iXtxOnY+hdOL7iFA4ckbB5cwd64tnzV648zaSITX46d8k2Luomnq+bmU2EgDN7esTdDXoQkUhkzw4I3Xtg2QZ6Mc5TInB1onVknDtVajtrJGzICcFQWCNgYkjnP/FrHWrGmNZu3Kq/HfnIapYJ0M1I7iUGA+JPrCkk2Qcspa9D+oWM67pR3ggyZQ4JvI3ghZiT1PxLo67hm75CBUabR/MHsUKgJMwUho8BTfRO5Bg1SvbNbJ+ig7Djn6zfS6l5t9RwouByMLTXlE1KHgef5sLA1wO5rJAfTL root@ansible1.hadoop.com\n",
                "username": "azureuser"
              }
            ],
            "admin_username": "azureuser",
            "allow_extension_operations": true,
            "availability_set_id": "",
            "boot_diagnostics": [
              {
                "storage_account_uri": "https://diag41aa7cf342e733da.blob.core.windows.net/"
              }
            ],
            "computer_name": "myvm",
            "custom_data": null,
            "dedicated_host_id": "",
            "disable_password_authentication": true,
            "eviction_policy": "",
            "id": "/subscriptions/5a060c42-cfe0-4bd3-a48d-5ebe381bc02f/resourceGroups/myResourceGroup/providers/Microsoft.Compute/virtualMachines/myVM",
            "identity": [],
            "location": "eastus",
            "max_bid_price": -1,
            "name": "myVM",
            "network_interface_ids": [
              "/subscriptions/5a060c42-cfe0-4bd3-a48d-5ebe381bc02f/resourceGroups/myResourceGroup/providers/Microsoft.Network/networkInterfaces/myNIC"
            ],
            "os_disk": [
              {
                "caching": "ReadWrite",
                "diff_disk_settings": [],
                "disk_encryption_set_id": "",
                "disk_size_gb": 30,
                "name": "myOsDisk",
                "storage_account_type": "Premium_LRS",
                "write_accelerator_enabled": false
              }
            ],
            "plan": [],
            "priority": "Regular",
            "private_ip_address": "10.0.1.4",
            "private_ip_addresses": [
              "10.0.1.4"
            ],
            "provision_vm_agent": true,
            "proximity_placement_group_id": "",
            "public_ip_address": "13.90.155.114",
            "public_ip_addresses": [
              "13.90.155.114"
            ],
            "resource_group_name": "myResourceGroup",
            "secret": [],
            "size": "Standard_DS1_v2",
            "source_image_id": "",
            "source_image_reference": [
              {
                "offer": "UbuntuServer",
                "publisher": "Canonical",
                "sku": "16.04.0-LTS",
                "version": "latest"
              }
            ],
            "tags": {
              "environment": "Terraform Demo"
            },
            "timeouts": null,
            "virtual_machine_id": "86b88e3b-6177-4433-b835-9e5dfb28434a",
            "zone": ""
          },
          "private": "eyJlMmJmYjczMC1lY2FhLTExZTYtOGY4OC0zNDM2M2JjN2M0YzAiOnsiY3JlYXRlIjoyNzAwMDAwMDAwMDAwLCJkZWxldGUiOjI3MDAwMDAwMDAwMDAsInJlYWQiOjMwMDAwMDAwMDAwMCwidXBkYXRlIjoyNzAwMDAwMDAwMDAwfX0=",
          "dependencies": [
            "azurerm_network_interface.myterraformnic",
            "azurerm_public_ip.myterraformpublicip",
            "azurerm_resource_group.myterraformgroup",
            "azurerm_storage_account.mystorageaccount",
            "azurerm_subnet.myterraformsubnet",
            "azurerm_virtual_network.myterraformnetwork",
            "random_id.randomId"
          ]
        }
      ]
    },
    {
      "mode": "managed",
      "type": "azurerm_network_interface",
      "name": "myterraformnic",
      "provider": "provider.azurerm",
      "instances": [
        {
          "schema_version": 0,
          "attributes": {
            "applied_dns_servers": [],
            "dns_servers": [],
            "enable_accelerated_networking": false,
            "enable_ip_forwarding": false,
            "id": "/subscriptions/5a060c42-cfe0-4bd3-a48d-5ebe381bc02f/resourceGroups/myResourceGroup/providers/Microsoft.Network/networkInterfaces/myNIC",
            "internal_dns_name_label": "",
            "ip_configuration": [
              {
                "name": "myNicConfiguration",
                "primary": true,
                "private_ip_address": "10.0.1.4",
                "private_ip_address_allocation": "Dynamic",
                "private_ip_address_version": "IPv4",
                "public_ip_address_id": "/subscriptions/5a060c42-cfe0-4bd3-a48d-5ebe381bc02f/resourceGroups/myResourceGroup/providers/Microsoft.Network/publicIPAddresses/myPublicIP",
                "subnet_id": "/subscriptions/5a060c42-cfe0-4bd3-a48d-5ebe381bc02f/resourceGroups/myResourceGroup/providers/Microsoft.Network/virtualNetworks/myVnet/subnets/mySubnet"
              }
            ],
            "location": "eastus",
            "mac_address": "",
            "name": "myNIC",
            "private_ip_address": "10.0.1.4",
            "private_ip_addresses": [
              "10.0.1.4"
            ],
            "resource_group_name": "myResourceGroup",
            "tags": {
              "environment": "Terraform Demo"
            },
            "timeouts": null,
            "virtual_machine_id": ""
          },
          "private": "eyJlMmJmYjczMC1lY2FhLTExZTYtOGY4OC0zNDM2M2JjN2M0YzAiOnsiY3JlYXRlIjoxODAwMDAwMDAwMDAwLCJkZWxldGUiOjE4MDAwMDAwMDAwMDAsInJlYWQiOjMwMDAwMDAwMDAwMCwidXBkYXRlIjoxODAwMDAwMDAwMDAwfX0=",
          "dependencies": [
            "azurerm_public_ip.myterraformpublicip",
            "azurerm_resource_group.myterraformgroup",
            "azurerm_subnet.myterraformsubnet",
            "azurerm_virtual_network.myterraformnetwork"
          ]
        }
      ]
    },
    {
      "mode": "managed",
      "type": "azurerm_network_interface_security_group_association",
      "name": "example",
      "provider": "provider.azurerm",
      "instances": [
        {
          "schema_version": 0,
          "attributes": {
            "id": "/subscriptions/5a060c42-cfe0-4bd3-a48d-5ebe381bc02f/resourceGroups/myResourceGroup/providers/Microsoft.Network/networkInterfaces/myNIC|/subscriptions/5a060c42-cfe0-4bd3-a48d-5ebe381bc02f/resourceGroups/myResourceGroup/providers/Microsoft.Network/networkSecurityGroups/myNetworkSecurityGroup",
            "network_interface_id": "/subscriptions/5a060c42-cfe0-4bd3-a48d-5ebe381bc02f/resourceGroups/myResourceGroup/providers/Microsoft.Network/networkInterfaces/myNIC",
            "network_security_group_id": "/subscriptions/5a060c42-cfe0-4bd3-a48d-5ebe381bc02f/resourceGroups/myResourceGroup/providers/Microsoft.Network/networkSecurityGroups/myNetworkSecurityGroup",
            "timeouts": null
          },
          "private": "eyJlMmJmYjczMC1lY2FhLTExZTYtOGY4OC0zNDM2M2JjN2M0YzAiOnsiY3JlYXRlIjoxODAwMDAwMDAwMDAwLCJkZWxldGUiOjE4MDAwMDAwMDAwMDAsInJlYWQiOjMwMDAwMDAwMDAwMCwidXBkYXRlIjoxODAwMDAwMDAwMDAwfX0=",
          "dependencies": [
            "azurerm_network_interface.myterraformnic",
            "azurerm_network_security_group.myterraformnsg",
            "azurerm_public_ip.myterraformpublicip",
            "azurerm_resource_group.myterraformgroup",
            "azurerm_subnet.myterraformsubnet",
            "azurerm_virtual_network.myterraformnetwork"
          ]
        }
      ]
    },
    {
      "mode": "managed",
      "type": "azurerm_network_security_group",
      "name": "myterraformnsg",
      "provider": "provider.azurerm",
      "instances": [
        {
          "schema_version": 0,
          "attributes": {
            "id": "/subscriptions/5a060c42-cfe0-4bd3-a48d-5ebe381bc02f/resourceGroups/myResourceGroup/providers/Microsoft.Network/networkSecurityGroups/myNetworkSecurityGroup",
            "location": "eastus",
            "name": "myNetworkSecurityGroup",
            "resource_group_name": "myResourceGroup",
            "security_rule": [
              {
                "access": "Allow",
                "description": "",
                "destination_address_prefix": "*",
                "destination_address_prefixes": [],
                "destination_application_security_group_ids": [],
                "destination_port_range": "22",
                "destination_port_ranges": [],
                "direction": "Inbound",
                "name": "SSH",
                "priority": 1001,
                "protocol": "Tcp",
                "source_address_prefix": "*",
                "source_address_prefixes": [],
                "source_application_security_group_ids": [],
                "source_port_range": "*",
                "source_port_ranges": []
              }
            ],
            "tags": {
              "environment": "Terraform Demo"
            },
            "timeouts": null
          },
          "private": "eyJlMmJmYjczMC1lY2FhLTExZTYtOGY4OC0zNDM2M2JjN2M0YzAiOnsiY3JlYXRlIjoxODAwMDAwMDAwMDAwLCJkZWxldGUiOjE4MDAwMDAwMDAwMDAsInJlYWQiOjMwMDAwMDAwMDAwMCwidXBkYXRlIjoxODAwMDAwMDAwMDAwfX0=",
          "dependencies": [
            "azurerm_resource_group.myterraformgroup"
          ]
        }
      ]
    },
    {
      "mode": "managed",
      "type": "azurerm_public_ip",
      "name": "myterraformpublicip",
      "provider": "provider.azurerm",
      "instances": [
        {
          "schema_version": 0,
          "attributes": {
            "allocation_method": "Dynamic",
            "domain_name_label": null,
            "fqdn": null,
            "id": "/subscriptions/5a060c42-cfe0-4bd3-a48d-5ebe381bc02f/resourceGroups/myResourceGroup/providers/Microsoft.Network/publicIPAddresses/myPublicIP",
            "idle_timeout_in_minutes": 4,
            "ip_address": "",
            "ip_version": "IPv4",
            "location": "eastus",
            "name": "myPublicIP",
            "public_ip_prefix_id": null,
            "resource_group_name": "myResourceGroup",
            "reverse_fqdn": null,
            "sku": "Basic",
            "tags": {
              "environment": "Terraform Demo"
            },
            "timeouts": null,
            "zones": null
          },
          "private": "eyJlMmJmYjczMC1lY2FhLTExZTYtOGY4OC0zNDM2M2JjN2M0YzAiOnsiY3JlYXRlIjoxODAwMDAwMDAwMDAwLCJkZWxldGUiOjE4MDAwMDAwMDAwMDAsInJlYWQiOjMwMDAwMDAwMDAwMCwidXBkYXRlIjoxODAwMDAwMDAwMDAwfX0=",
          "dependencies": [
            "azurerm_resource_group.myterraformgroup"
          ]
        }
      ]
    },
    {
      "mode": "managed",
      "type": "azurerm_resource_group",
      "name": "myterraformgroup",
      "provider": "provider.azurerm",
      "instances": [
        {
          "schema_version": 0,
          "attributes": {
            "id": "/subscriptions/5a060c42-cfe0-4bd3-a48d-5ebe381bc02f/resourceGroups/myResourceGroup",
            "location": "eastus",
            "name": "myResourceGroup",
            "tags": {
              "environment": "Terraform Demo"
            },
            "timeouts": null
          },
          "private": "eyJlMmJmYjczMC1lY2FhLTExZTYtOGY4OC0zNDM2M2JjN2M0YzAiOnsiY3JlYXRlIjo1NDAwMDAwMDAwMDAwLCJkZWxldGUiOjU0MDAwMDAwMDAwMDAsInJlYWQiOjMwMDAwMDAwMDAwMCwidXBkYXRlIjo1NDAwMDAwMDAwMDAwfX0="
        }
      ]
    },
    {
      "mode": "managed",
      "type": "azurerm_storage_account",
      "name": "mystorageaccount",
      "provider": "provider.azurerm",
      "instances": [
        {
          "schema_version": 2,
          "attributes": {
            "access_tier": "Hot",
            "account_kind": "StorageV2",
            "account_replication_type": "LRS",
            "account_tier": "Standard",
            "blob_properties": [],
            "custom_domain": [],
            "enable_https_traffic_only": true,
            "id": "/subscriptions/5a060c42-cfe0-4bd3-a48d-5ebe381bc02f/resourceGroups/myResourceGroup/providers/Microsoft.Storage/storageAccounts/diag41aa7cf342e733da",
            "identity": [],
            "is_hns_enabled": false,
            "location": "eastus",
            "name": "diag41aa7cf342e733da",
            "network_rules": [
              {
                "bypass": [
                  "AzureServices"
                ],
                "default_action": "Allow",
                "ip_rules": [],
                "virtual_network_subnet_ids": []
              }
            ],
            "primary_access_key": "5hajWkYrkz9WVN/4JU1BjIPZxCQv1l/lcLz541iIH0q5usLY0QYXTNBX5tVD80CoMwjn2Vi4vtaoLPYT4Yqn5w==",
            "primary_blob_connection_string": "DefaultEndpointsProtocol=https;BlobEndpoint=https://diag41aa7cf342e733da.blob.core.windows.net/;AccountName=diag41aa7cf342e733da;AccountKey=5hajWkYrkz9WVN/4JU1BjIPZxCQv1l/lcLz541iIH0q5usLY0QYXTNBX5tVD80CoMwjn2Vi4vtaoLPYT4Yqn5w==",
            "primary_blob_endpoint": "https://diag41aa7cf342e733da.blob.core.windows.net/",
            "primary_blob_host": "diag41aa7cf342e733da.blob.core.windows.net",
            "primary_connection_string": "DefaultEndpointsProtocol=https;AccountName=diag41aa7cf342e733da;AccountKey=5hajWkYrkz9WVN/4JU1BjIPZxCQv1l/lcLz541iIH0q5usLY0QYXTNBX5tVD80CoMwjn2Vi4vtaoLPYT4Yqn5w==;EndpointSuffix=core.windows.net",
            "primary_dfs_endpoint": "https://diag41aa7cf342e733da.dfs.core.windows.net/",
            "primary_dfs_host": "diag41aa7cf342e733da.dfs.core.windows.net",
            "primary_file_endpoint": "https://diag41aa7cf342e733da.file.core.windows.net/",
            "primary_file_host": "diag41aa7cf342e733da.file.core.windows.net",
            "primary_location": "eastus",
            "primary_queue_endpoint": "https://diag41aa7cf342e733da.queue.core.windows.net/",
            "primary_queue_host": "diag41aa7cf342e733da.queue.core.windows.net",
            "primary_table_endpoint": "https://diag41aa7cf342e733da.table.core.windows.net/",
            "primary_table_host": "diag41aa7cf342e733da.table.core.windows.net",
            "primary_web_endpoint": "https://diag41aa7cf342e733da.z13.web.core.windows.net/",
            "primary_web_host": "diag41aa7cf342e733da.z13.web.core.windows.net",
            "queue_properties": [
              {
                "cors_rule": [],
                "hour_metrics": [
                  {
                    "enabled": true,
                    "include_apis": true,
                    "retention_policy_days": 7,
                    "version": "1.0"
                  }
                ],
                "logging": [
                  {
                    "delete": false,
                    "read": false,
                    "retention_policy_days": 0,
                    "version": "1.0",
                    "write": false
                  }
                ],
                "minute_metrics": [
                  {
                    "enabled": false,
                    "include_apis": false,
                    "retention_policy_days": 0,
                    "version": "1.0"
                  }
                ]
              }
            ],
            "resource_group_name": "myResourceGroup",
            "secondary_access_key": "LdCVevLzYO+q6I5BlwooKfKyW635IgRrxvZG+SDCsBtz2PLHyqwgIqwpZbJa9DqYYOCPiPDzyq1YM7F2eZqu8A==",
            "secondary_blob_connection_string": "",
            "secondary_blob_endpoint": null,
            "secondary_blob_host": null,
            "secondary_connection_string": "DefaultEndpointsProtocol=https;AccountName=diag41aa7cf342e733da;AccountKey=LdCVevLzYO+q6I5BlwooKfKyW635IgRrxvZG+SDCsBtz2PLHyqwgIqwpZbJa9DqYYOCPiPDzyq1YM7F2eZqu8A==;EndpointSuffix=core.windows.net",
            "secondary_dfs_endpoint": null,
            "secondary_dfs_host": null,
            "secondary_file_endpoint": null,
            "secondary_file_host": null,
            "secondary_location": "",
            "secondary_queue_endpoint": null,
            "secondary_queue_host": null,
            "secondary_table_endpoint": null,
            "secondary_table_host": null,
            "secondary_web_endpoint": null,
            "secondary_web_host": null,
            "static_website": [],
            "tags": {
              "environment": "Terraform Demo"
            },
            "timeouts": null
          },
          "private": "eyJlMmJmYjczMC1lY2FhLTExZTYtOGY4OC0zNDM2M2JjN2M0YzAiOnsiY3JlYXRlIjozNjAwMDAwMDAwMDAwLCJkZWxldGUiOjM2MDAwMDAwMDAwMDAsInJlYWQiOjMwMDAwMDAwMDAwMCwidXBkYXRlIjozNjAwMDAwMDAwMDAwfSwic2NoZW1hX3ZlcnNpb24iOiIyIn0=",
          "dependencies": [
            "azurerm_resource_group.myterraformgroup",
            "random_id.randomId"
          ]
        }
      ]
    },
    {
      "mode": "managed",
      "type": "azurerm_subnet",
      "name": "myterraformsubnet",
      "provider": "provider.azurerm",
      "instances": [
        {
          "schema_version": 0,
          "attributes": {
            "address_prefix": "10.0.1.0/24",
            "delegation": [],
            "enforce_private_link_endpoint_network_policies": false,
            "enforce_private_link_service_network_policies": false,
            "id": "/subscriptions/5a060c42-cfe0-4bd3-a48d-5ebe381bc02f/resourceGroups/myResourceGroup/providers/Microsoft.Network/virtualNetworks/myVnet/subnets/mySubnet",
            "name": "mySubnet",
            "resource_group_name": "myResourceGroup",
            "service_endpoints": null,
            "timeouts": null,
            "virtual_network_name": "myVnet"
          },
          "private": "eyJlMmJmYjczMC1lY2FhLTExZTYtOGY4OC0zNDM2M2JjN2M0YzAiOnsiY3JlYXRlIjoxODAwMDAwMDAwMDAwLCJkZWxldGUiOjE4MDAwMDAwMDAwMDAsInJlYWQiOjMwMDAwMDAwMDAwMCwidXBkYXRlIjoxODAwMDAwMDAwMDAwfX0=",
          "dependencies": [
            "azurerm_resource_group.myterraformgroup",
            "azurerm_virtual_network.myterraformnetwork"
          ]
        }
      ]
    },
    {
      "mode": "managed",
      "type": "azurerm_virtual_network",
      "name": "myterraformnetwork",
      "provider": "provider.azurerm",
      "instances": [
        {
          "schema_version": 0,
          "attributes": {
            "address_space": [
              "10.0.0.0/16"
            ],
            "ddos_protection_plan": [],
            "dns_servers": null,
            "id": "/subscriptions/5a060c42-cfe0-4bd3-a48d-5ebe381bc02f/resourceGroups/myResourceGroup/providers/Microsoft.Network/virtualNetworks/myVnet",
            "location": "eastus",
            "name": "myVnet",
            "resource_group_name": "myResourceGroup",
            "subnet": [],
            "tags": {
              "environment": "Terraform Demo"
            },
            "timeouts": null
          },
          "private": "eyJlMmJmYjczMC1lY2FhLTExZTYtOGY4OC0zNDM2M2JjN2M0YzAiOnsiY3JlYXRlIjoxODAwMDAwMDAwMDAwLCJkZWxldGUiOjE4MDAwMDAwMDAwMDAsInJlYWQiOjMwMDAwMDAwMDAwMCwidXBkYXRlIjoxODAwMDAwMDAwMDAwfX0=",
          "dependencies": [
            "azurerm_resource_group.myterraformgroup"
          ]
        }
      ]
    },
    {
      "mode": "managed",
      "type": "random_id",
      "name": "randomId",
      "provider": "provider.random",
      "instances": [
        {
          "schema_version": 0,
          "attributes": {
            "b64": "Qap880LnM9o",
            "b64_std": "Qap880LnM9o=",
            "b64_url": "Qap880LnM9o",
            "byte_length": 8,
            "dec": "4731731742747472858",
            "hex": "41aa7cf342e733da",
            "id": "Qap880LnM9o",
            "keepers": {
              "resource_group": "myResourceGroup"
            },
            "prefix": null
          },
          "private": "bnVsbA==",
          "dependencies": [
            "azurerm_resource_group.myterraformgroup"
          ]
        }
      ]
    }
  ]
}
